// !$*UTF8*$!
{
	archiveVersion = 1;
	classes = {
	};
	objectVersion = 48;
	objects = {

/* Begin PBXBuildFile section */
		399083AF206D1FE400610F2B /* AppDelegate.m in Sources */ = {isa = PBXBuildFile; fileRef = 399083AE206D1FE400610F2B /* AppDelegate.m */; };
		399083B7206D1FE400610F2B /* Assets.xcassets in Resources */ = {isa = PBXBuildFile; fileRef = 399083B6206D1FE400610F2B /* Assets.xcassets */; };
		399083BD206D1FE400610F2B /* main.m in Sources */ = {isa = PBXBuildFile; fileRef = 399083BC206D1FE400610F2B /* main.m */; };
		399083C5206D27DD00610F2B /* Main.storyboard in Resources */ = {isa = PBXBuildFile; fileRef = 399083C4206D27DD00610F2B /* Main.storyboard */; };
/* End PBXBuildFile section */

/* Begin PBXFileReference section */
		399083AA206D1FE400610F2B /* MacrosExamples.app */ = {isa = PBXFileReference; explicitFileType = wrapper.application; includeInIndex = 0; path = MacrosExamples.app; sourceTree = BUILT_PRODUCTS_DIR; };
		399083AD206D1FE400610F2B /* AppDelegate.h */ = {isa = PBXFileReference; lastKnownFileType = sourcecode.c.h; path = AppDelegate.h; sourceTree = "<group>"; };
		399083AE206D1FE400610F2B /* AppDelegate.m */ = {isa = PBXFileReference; lastKnownFileType = sourcecode.c.objc; path = AppDelegate.m; sourceTree = "<group>"; };
		399083B6206D1FE400610F2B /* Assets.xcassets */ = {isa = PBXFileReference; lastKnownFileType = folder.assetcatalog; path = Assets.xcassets; sourceTree = "<group>"; };
		399083BB206D1FE400610F2B /* Info.plist */ = {isa = PBXFileReference; lastKnownFileType = text.plist.xml; path = Info.plist; sourceTree = "<group>"; };
		399083BC206D1FE400610F2B /* main.m */ = {isa = PBXFileReference; lastKnownFileType = sourcecode.c.objc; path = main.m; sourceTree = "<group>"; };
		399083C3206D208200610F2B /* SwiftifyMacros.h */ = {isa = PBXFileReference; lastKnownFileType = sourcecode.c.h; name = SwiftifyMacros.h; path = ../SwiftifyMacros.h; sourceTree = "<group>"; };
		399083C4206D27DD00610F2B /* Main.storyboard */ = {isa = PBXFileReference; lastKnownFileType = file.storyboard; path = Main.storyboard; sourceTree = "<group>"; };
/* End PBXFileReference section */

/* Begin PBXFrameworksBuildPhase section */
		399083A7206D1FE400610F2B /* Frameworks */ = {
			isa = PBXFrameworksBuildPhase;
			buildActionMask = 2147483647;
			files = (
			);
			runOnlyForDeploymentPostprocessing = 0;
		};
/* End PBXFrameworksBuildPhase section */

/* Begin PBXGroup section */
		399083A1206D1FE400610F2B = {
			isa = PBXGroup;
			children = (
				399083C3206D208200610F2B /* SwiftifyMacros.h */,
				399083AC206D1FE400610F2B /* MacrosExamples */,
				399083AB206D1FE400610F2B /* Products */,
			);
			sourceTree = "<group>";
		};
		399083AB206D1FE400610F2B /* Products */ = {
			isa = PBXGroup;
			children = (
				399083AA206D1FE400610F2B /* MacrosExamples.app */,
			);
			name = Products;
			sourceTree = "<group>";
		};
		399083AC206D1FE400610F2B /* MacrosExamples */ = {
			isa = PBXGroup;
			children = (
				399083AD206D1FE400610F2B /* AppDelegate.h */,
				399083AE206D1FE400610F2B /* AppDelegate.m */,
				399083B6206D1FE400610F2B /* Assets.xcassets */,
				399083BB206D1FE400610F2B /* Info.plist */,
				399083C4206D27DD00610F2B /* Main.storyboard */,
				399083BC206D1FE400610F2B /* main.m */,
			);
			path = MacrosExamples;
			sourceTree = "<group>";
		};
/* End PBXGroup section */

/* Begin PBXNativeTarget section */
		399083A9206D1FE400610F2B /* MacrosExamples */ = {
			isa = PBXNativeTarget;
			buildConfigurationList = 399083C0206D1FE400610F2B /* Build configuration list for PBXNativeTarget "MacrosExamples" */;
			buildPhases = (
				399083A6206D1FE400610F2B /* Sources */,
				399083A7206D1FE400610F2B /* Frameworks */,
				399083A8206D1FE400610F2B /* Resources */,
			);
			buildRules = (
			);
			dependencies = (
			);
			name = MacrosExamples;
			productName = MacrosExamples;
			productReference = 399083AA206D1FE400610F2B /* MacrosExamples.app */;
			productType = "com.apple.product-type.application";
		};
/* End PBXNativeTarget section */

/* Begin PBXProject section */
		399083A2206D1FE400610F2B /* Project object */ = {
			isa = PBXProject;
			attributes = {
				LastUpgradeCheck = 0920;
				ORGANIZATIONNAME = josshad;
				TargetAttributes = {
					399083A9206D1FE400610F2B = {
						CreatedOnToolsVersion = 9.2;
						ProvisioningStyle = Automatic;
					};
				};
			};
			buildConfigurationList = 399083A5206D1FE400610F2B /* Build configuration list for PBXProject "MacrosExamples" */;
			compatibilityVersion = "Xcode 8.0";
			developmentRegion = en;
			hasScannedForEncodings = 0;
			knownRegions = (
				en,
				Base,
			);
			mainGroup = 399083A1206D1FE400610F2B;
			productRefGroup = 399083AB206D1FE400610F2B /* Products */;
			projectDirPath = "";
			projectRoot = "";
			targets = (
				399083A9206D1FE400610F2B /* MacrosExamples */,
			);
		};
/* End PBXProject section */

/* Begin PBXResourcesBuildPhase section */
		399083A8206D1FE400610F2B /* Resources */ = {
			isa = PBXResourcesBuildPhase;
			buildActionMask = 2147483647;
			files = (
				399083B7206D1FE400610F2B /* Assets.xcassets in Resources */,
				399083C5206D27DD00610F2B /* Main.storyboard in Resources */,
			);
			runOnlyForDeploymentPostprocessing = 0;
		};
/* End PBXResourcesBuildPhase section */

/* Begin PBXSourcesBuildPhase section */
		399083A6206D1FE400610F2B /* Sources */ = {
			isa = PBXSourcesBuildPhase;
			buildActionMask = 2147483647;
			files = (
				399083BD206D1FE400610F2B /* main.m in Sources */,
				399083AF206D1FE400610F2B /* AppDelegate.m in Sources */,
			);
			runOnlyForDeploymentPostprocessing = 0;
		};
/* End PBXSourcesBuildPhase section */

/* Begin XCBuildConfiguration section */
		399083BE206D1FE400610F2B /* Debug */ = {
			isa = XCBuildConfiguration;
			buildSettings = {
				ALWAYS_SEARCH_USER_PATHS = NO;
				CLANG_ANALYZER_NONNULL = YES;
				CLANG_ANALYZER_NUMBER_OBJECT_CONVERSION = YES_AGGRESSIVE;
				CLANG_CXX_LANGUAGE_STANDARD = "gnu++14";
				CLANG_CXX_LIBRARY = "libc++";
				CLANG_ENABLE_MODULES = YES;
				CLANG_ENABLE_OBJC_ARC = YES;
				CLANG_WARN_BLOCK_CAPTURE_AUTORELEASING = YES;
				CLANG_WARN_BOOL_CONVERSION = YES;
				CLANG_WARN_COMMA = YES;
				CLANG_WARN_CONSTANT_CONVERSION = YES;
				CLANG_WARN_DIRECT_OBJC_ISA_USAGE = YES_ERROR;
				CLANG_WARN_DOCUMENTATION_COMMENTS = YES;
				CLANG_WARN_EMPTY_BODY = YES;
				CLANG_WARN_ENUM_CONVERSION = YES;
				CLANG_WARN_INFINITE_RECURSION = YES;
				CLANG_WARN_INT_CONVERSION = YES;
				CLANG_WARN_NON_LITERAL_NULL_CONVERSION = YES;
				CLANG_WARN_OBJC_LITERAL_CONVERSION = YES;
				CLANG_WARN_OBJC_ROOT_CLASS = YES_ERROR;
				CLANG_WARN_RANGE_LOOP_ANALYSIS = YES;
				CLANG_WARN_STRICT_PROTOTYPES = YES;
				CLANG_WARN_SUSPICIOUS_MOVE = YES;
				CLANG_WARN_UNGUARDED_AVAILABILITY = YES_AGGRESSIVE;
				CLANG_WARN_UNREACHABLE_CODE = YES;
				CLANG_WARN__DUPLICATE_METHOD_MATCH = YES;
				CODE_SIGN_IDENTITY = "iPhone Developer";
				COPY_PHASE_STRIP = NO;
				DEBUG_INFORMATION_FORMAT = dwarf;
				ENABLE_STRICT_OBJC_MSGSEND = YES;
				ENABLE_TESTABILITY = YES;
				GCC_C_LANGUAGE_STANDARD = gnu11;
				GCC_DYNAMIC_NO_PIC = NO;
				GCC_NO_COMMON_BLOCKS = YES;
				GCC_OPTIMIZATION_LEVEL = 0;
				GCC_PREPROCESSOR_DEFINITIONS = (
					"DEBUG=1",
					"$(inherited)",
				);
				GCC_WARN_64_TO_32_BIT_CONVERSION = YES;
				GCC_WARN_ABOUT_RETURN_TYPE = YES_ERROR;
				GCC_WARN_UNDECLARED_SELECTOR = YES;
				GCC_WARN_UNINITIALIZED_AUTOS = YES_AGGRESSIVE;
				GCC_WARN_UNUSED_FUNCTION = YES;
				GCC_WARN_UNUSED_VARIABLE = YES;
				IPHONEOS_DEPLOYMENT_TARGET = 11.2;
				MTL_ENABLE_DEBUG_INFO = YES;
				ONLY_ACTIVE_ARCH = YES;
				SDKROOT = iphoneos;
			};
			name = Debug;
		};
		399083BF206D1FE400610F2B /* Release */ = {
			isa = XCBuildConfiguration;
			buildSettings = {
				ALWAYS_SEARCH_USER_PATHS = NO;
				CLANG_ANALYZER_NONNULL = YES;
				CLANG_ANALYZER_NUMBER_OBJECT_CONVERSION = YES_AGGRESSIVE;
				CLANG_CXX_LANGUAGE_STANDARD = "gnu++14";
				CLANG_CXX_LIBRARY = "libc++";
				CLANG_ENABLE_MODULES = YES;
				CLANG_ENABLE_OBJC_ARC = YES;
				CLANG_WARN_BLOCK_CAPTURE_AUTORELEASING = YES;
				CLANG_WARN_BOOL_CONVERSION = YES;
				CLANG_WARN_COMMA = YES;
				CLANG_WARN_CONSTANT_CONVERSION = YES;
				CLANG_WARN_DIRECT_OBJC_ISA_USAGE = YES_ERROR;
				CLANG_WARN_DOCUMENTATION_COMMENTS = YES;
				CLANG_WARN_EMPTY_BODY = YES;
				CLANG_WARN_ENUM_CONVERSION = YES;
				CLANG_WARN_INFINITE_RECURSION = YES;
				CLANG_WARN_INT_CONVERSION = YES;
				CLANG_WARN_NON_LITERAL_NULL_CONVERSION = YES;
				CLANG_WARN_OBJC_LITERAL_CONVERSION = YES;
				CLANG_WARN_OBJC_ROOT_CLASS = YES_ERROR;
				CLANG_WARN_RANGE_LOOP_ANALYSIS = YES;
				CLANG_WARN_STRICT_PROTOTYPES = YES;
				CLANG_WARN_SUSPICIOUS_MOVE = YES;
				CLANG_WARN_UNGUARDED_AVAILABILITY = YES_AGGRESSIVE;
				CLANG_WARN_UNREACHABLE_CODE = YES;
				CLANG_WARN__DUPLICATE_METHOD_MATCH = YES;
				CODE_SIGN_IDENTITY = "iPhone Developer";
				COPY_PHASE_STRIP = NO;
				DEBUG_INFORMATION_FORMAT = "dwarf-with-dsym";
				ENABLE_NS_ASSERTIONS = NO;
				ENABLE_STRICT_OBJC_MSGSEND = YES;
				GCC_C_LANGUAGE_STANDARD = gnu11;
				GCC_NO_COMMON_BLOCKS = YES;
				GCC_WARN_64_TO_32_BIT_CONVERSION = YES;
				GCC_WARN_ABOUT_RETURN_TYPE = YES_ERROR;
				GCC_WARN_UNDECLARED_SELECTOR = YES;
				GCC_WARN_UNINITIALIZED_AUTOS = YES_AGGRESSIVE;
				GCC_WARN_UNUSED_FUNCTION = YES;
				GCC_WARN_UNUSED_VARIABLE = YES;
				IPHONEOS_DEPLOYMENT_TARGET = 11.2;
				MTL_ENABLE_DEBUG_INFO = NO;
				SDKROOT = iphoneos;
				VALIDATE_PRODUCT = YES;
			};
			name = Release;
		};
		399083C1206D1FE400610F2B /* Debug */ = {
			isa = XCBuildConfiguration;
			buildSettings = {
				ASSETCATALOG_COMPILER_APPICON_NAME = AppIcon;
				CLANG_UNDEFINED_BEHAVIOR_SANITIZER_NULLABILITY = YES;
				CODE_SIGN_STYLE = Automatic;
				DEVELOPMENT_TEAM = P3Y2V546J7;
				GCC_TREAT_WARNINGS_AS_ERRORS = YES;
				HEADER_SEARCH_PATHS = "$(OBJROOT)/..";
				INFOPLIST_FILE = MacrosExamples/Info.plist;
				LD_RUNPATH_SEARCH_PATHS = "$(inherited) @executable_path/Frameworks";
				PRODUCT_BUNDLE_IDENTIFIER = com.josshad.MacrosExamples;
				PRODUCT_NAME = "$(TARGET_NAME)";
				TARGETED_DEVICE_FAMILY = "1,2";
				WARNING_CFLAGS = (
					"-Wall",
					"-Weverything",
					"-Wno-objc-missing-property-synthesis",
					"-Wno-gnu",
					"-Wno-c++98-compat",
					"-Wno-assign-enum",
					"-Wno-auto-import",
					"-Wno-error=deprecated-declarations",
					"-Wno-documentation",
				);
			};
			name = Debug;
		};
		399083C2206D1FE400610F2B /* Release */ = {
			isa = XCBuildConfiguration;
			buildSettings = {
				ASSETCATALOG_COMPILER_APPICON_NAME = AppIcon;
				CLANG_UNDEFINED_BEHAVIOR_SANITIZER_NULLABILITY = YES;
				CODE_SIGN_STYLE = Automatic;
				DEVELOPMENT_TEAM = P3Y2V546J7;
				GCC_TREAT_WARNINGS_AS_ERRORS = YES;
				HEADER_SEARCH_PATHS = "$(OBJROOT)/..";
				INFOPLIST_FILE = MacrosExamples/Info.plist;
				LD_RUNPATH_SEARCH_PATHS = "$(inherited) @executable_path/Frameworks";
				PRODUCT_BUNDLE_IDENTIFIER = com.josshad.MacrosExamples;
				PRODUCT_NAME = "$(TARGET_NAME)";
				TARGETED_DEVICE_FAMILY = "1,2";
				WARNING_CFLAGS = (
					"-Wall",
					"-Weverything",
					"-Wno-objc-missing-property-synthesis",
					"-Wno-gnu",
					"-Wno-c++98-compat",
					"-Wno-assign-enum",
					"-Wno-auto-import",
					"-Wno-error=deprecated-declarations",
					"-Wno-documentation",
				);
			};
			name = Release;
		};
/* End XCBuildConfiguration section */

/* Begin XCConfigurationList section */
		399083A5206D1FE400610F2B /* Build configuration list for PBXProject "MacrosExamples" */ = {
			isa = XCConfigurationList;
			buildConfigurations = (
				399083BE206D1FE400610F2B /* Debug */,
				399083BF206D1FE400610F2B /* Release */,
			);
			defaultConfigurationIsVisible = 0;
			defaultConfigurationName = Release;
		};
		399083C0206D1FE400610F2B /* Build configuration list for PBXNativeTarget "MacrosExamples" */ = {
			isa = XCConfigurationList;
			buildConfigurations = (
				399083C1206D1FE400610F2B /* Debug */,
				399083C2206D1FE400610F2B /* Release */,
			);
			defaultConfigurationIsVisible = 0;
			defaultConfigurationName = Release;
		};
/* End XCConfigurationList section */
	};
	rootObject = 399083A2206D1FE400610F2B /* Project object */;
}
